
Microsoft Visual Studio Solution File, Format Version 12.00
# Visual Studio 14
VisualStudioVersion = 14.0.23107.0
MinimumVisualStudioVersion = 10.0.40219.1
Project("{FAE04EC0-301F-11D3-BF4B-00C04F79EFBC}") = "BLL", "BLL\BLL.csproj", "{6AD861EB-7C56-4B06-AFB2-A09D7635F9DA}"
EndProject
Project("{FAE04EC0-301F-11D3-BF4B-00C04F79EFBC}") = "Model", "Model\Model.csproj", "{27B7B375-BA35-4AD6-8904-8D30D2E469B3}"
EndProject
Project("{FAE04EC0-301F-11D3-BF4B-00C04F79EFBC}") = "Common", "Common\Common.csproj", "{E643B77C-DDEF-473A-B0A9-742BD098F486}"
EndProject
Project("{FAE04EC0-301F-11D3-BF4B-00C04F79EFBC}") = "WinFormUI", "WinFormUI\WinFormUI.csproj", "{277EA75D-CF9F-4630-AC2F-9A2C49EF230C}"
EndProject
Project("{FAE04EC0-301F-11D3-BF4B-00C04F79EFBC}") = "AccessDAL", "AccessDAL\AccessDAL.csproj", "{18B349AC-00CA-4EE3-A9F8-81BEC737537C}"
EndProject
Project("{FAE04EC0-301F-11D3-BF4B-00C04F79EFBC}") = "SQLDAL", "SQLDAL\SQLDAL.csproj", "{A9A1B0D5-C044-451B-BCF4-E2D4E4FD5B3C}"
EndProject
Project("{FAE04EC0-301F-11D3-BF4B-00C04F79EFBC}") = "IDAL", "IDAL\IDAL.csproj", "{F7EFB295-3B0B-4AEF-B4F4-C71D9166D253}"
EndProject
Global
	GlobalSection(SolutionConfigurationPlatforms) = preSolution
		Debug|Any CPU = Debug|Any CPU
		Debug|x86 = Debug|x86
		Release|Any CPU = Release|Any CPU
		Release|x86 = Release|x86
	EndGlobalSection
	GlobalSection(ProjectConfigurationPlatforms) = postSolution
		{6AD861EB-7C56-4B06-AFB2-A09D7635F9DA}.Debug|Any CPU.ActiveCfg = Debug|Any CPU
		{6AD861EB-7C56-4B06-AFB2-A09D7635F9DA}.Debug|Any CPU.Build.0 = Debug|Any CPU
		{6AD861EB-7C56-4B06-AFB2-A09D7635F9DA}.Debug|x86.ActiveCfg = Debug|Any CPU
		{6AD861EB-7C56-4B06-AFB2-A09D7635F9DA}.Debug|x86.Build.0 = Debug|Any CPU
		{6AD861EB-7C56-4B06-AFB2-A09D7635F9DA}.Release|Any CPU.ActiveCfg = Release|Any CPU
		{6AD861EB-7C56-4B06-AFB2-A09D7635F9DA}.Release|Any CPU.Build.0 = Release|Any CPU
		{6AD861EB-7C56-4B06-AFB2-A09D7635F9DA}.Release|x86.ActiveCfg = Release|x86
		{6AD861EB-7C56-4B06-AFB2-A09D7635F9DA}.Release|x86.Build.0 = Release|x86
		{27B7B375-BA35-4AD6-8904-8D30D2E469B3}.Debug|Any CPU.ActiveCfg = Debug|Any CPU
		{27B7B375-BA35-4AD6-8904-8D30D2E469B3}.Debug|Any CPU.Build.0 = Debug|Any CPU
		{27B7B375-BA35-4AD6-8904-8D30D2E469B3}.Debug|x86.ActiveCfg = Debug|Any CPU
		{27B7B375-BA35-4AD6-8904-8D30D2E469B3}.Debug|x86.Build.0 = Debug|Any CPU
		{27B7B375-BA35-4AD6-8904-8D30D2E469B3}.Release|Any CPU.ActiveCfg = Release|Any CPU
		{27B7B375-BA35-4AD6-8904-8D30D2E469B3}.Release|Any CPU.Build.0 = Release|Any CPU
		{27B7B375-BA35-4AD6-8904-8D30D2E469B3}.Release|x86.ActiveCfg = Release|x86
		{27B7B375-BA35-4AD6-8904-8D30D2E469B3}.Release|x86.Build.0 = Release|x86
		{E643B77C-DDEF-473A-B0A9-742BD098F486}.Debug|Any CPU.ActiveCfg = Debug|Any CPU
		{E643B77C-DDEF-473A-B0A9-742BD098F486}.Debug|Any CPU.Build.0 = Debug|Any CPU
		{E643B77C-DDEF-473A-B0A9-742BD098F486}.Debug|x86.ActiveCfg = Debug|Any CPU
		{E643B77C-DDEF-473A-B0A9-742BD098F486}.Debug|x86.Build.0 = Debug|Any CPU
		{E643B77C-DDEF-473A-B0A9-742BD098F486}.Release|Any CPU.ActiveCfg = Release|Any CPU
		{E643B77C-DDEF-473A-B0A9-742BD098F486}.Release|Any CPU.Build.0 = Release|Any CPU
		{E643B77C-DDEF-473A-B0A9-742BD098F486}.Release|x86.ActiveCfg = Release|x86
		{E643B77C-DDEF-473A-B0A9-742BD098F486}.Release|x86.Build.0 = Release|x86
		{277EA75D-CF9F-4630-AC2F-9A2C49EF230C}.Debug|Any CPU.ActiveCfg = Debug|Any CPU
		{277EA75D-CF9F-4630-AC2F-9A2C49EF230C}.Debug|Any CPU.Build.0 = Debug|Any CPU
		{277EA75D-CF9F-4630-AC2F-9A2C49EF230C}.Debug|x86.ActiveCfg = Debug|Any CPU
		{277EA75D-CF9F-4630-AC2F-9A2C49EF230C}.Debug|x86.Build.0 = Debug|Any CPU
		{277EA75D-CF9F-4630-AC2F-9A2C49EF230C}.Release|Any CPU.ActiveCfg = Release|Any CPU
		{277EA75D-CF9F-4630-AC2F-9A2C49EF230C}.Release|Any CPU.Build.0 = Release|Any CPU
		{277EA75D-CF9F-4630-AC2F-9A2C49EF230C}.Release|x86.ActiveCfg = Release|x86
		{277EA75D-CF9F-4630-AC2F-9A2C49EF230C}.Release|x86.Build.0 = Release|x86
		{18B349AC-00CA-4EE3-A9F8-81BEC737537C}.Debug|Any CPU.ActiveCfg = Debug|Any CPU
		{18B349AC-00CA-4EE3-A9F8-81BEC737537C}.Debug|Any CPU.Build.0 = Debug|Any CPU
		{18B349AC-00CA-4EE3-A9F8-81BEC737537C}.Debug|x86.ActiveCfg = Debug|Any CPU
		{18B349AC-00CA-4EE3-A9F8-81BEC737537C}.Debug|x86.Build.0 = Debug|Any CPU
		{18B349AC-00CA-4EE3-A9F8-81BEC737537C}.Release|Any CPU.ActiveCfg = Release|Any CPU
		{18B349AC-00CA-4EE3-A9F8-81BEC737537C}.Release|Any CPU.Build.0 = Release|Any CPU
		{18B349AC-00CA-4EE3-A9F8-81BEC737537C}.Release|x86.ActiveCfg = Release|Any CPU
		{A9A1B0D5-C044-451B-BCF4-E2D4E4FD5B3C}.Debug|Any CPU.ActiveCfg = Debug|Any CPU
		{A9A1B0D5-C044-451B-BCF4-E2D4E4FD5B3C}.Debug|Any CPU.Build.0 = Debug|Any CPU
		{A9A1B0D5-C044-451B-BCF4-E2D4E4FD5B3C}.Debug|x86.ActiveCfg = Debug|Any CPU
		{A9A1B0D5-C044-451B-BCF4-E2D4E4FD5B3C}.Release|Any CPU.ActiveCfg = Release|Any CPU
		{A9A1B0D5-C044-451B-BCF4-E2D4E4FD5B3C}.Release|Any CPU.Build.0 = Release|Any CPU
		{A9A1B0D5-C044-451B-BCF4-E2D4E4FD5B3C}.Release|x86.ActiveCfg = Release|Any CPU
		{F7EFB295-3B0B-4AEF-B4F4-C71D9166D253}.Debug|Any CPU.ActiveCfg = Debug|Any CPU
		{F7EFB295-3B0B-4AEF-B4F4-C71D9166D253}.Debug|Any CPU.Build.0 = Debug|Any CPU
		{F7EFB295-3B0B-4AEF-B4F4-C71D9166D253}.Debug|x86.ActiveCfg = Debug|Any CPU
		{F7EFB295-3B0B-4AEF-B4F4-C71D9166D253}.Debug|x86.Build.0 = Debug|Any CPU
		{F7EFB295-3B0B-4AEF-B4F4-C71D9166D253}.Release|Any CPU.ActiveCfg = Release|Any CPU
		{F7EFB295-3B0B-4AEF-B4F4-C71D9166D253}.Release|Any CPU.Build.0 = Release|Any CPU
		{F7EFB295-3B0B-4AEF-B4F4-C71D9166D253}.Release|x86.ActiveCfg = Release|Any CPU
		{F7EFB295-3B0B-4AEF-B4F4-C71D9166D253}.Release|x86.Build.0 = Release|Any CPU
	EndGlobalSection
	GlobalSection(SolutionProperties) = preSolution
		HideSolutionNode = FALSE
	EndGlobalSection
EndGlobal
